
Microsoft Visual Studio Solution File, Format Version 10.00
# Visual Studio 2008
Project("{8BC9CEB8-8B4A-11D0-8D11-00A0C91BC942}") = "IrcModule", "IrcModule.vcproj", "{0D94E9ED-405B-4AC4-BC5C-A7BD24356630}"
EndProject
Global
	GlobalSection(SolutionConfigurationPlatforms) = preSolution
		Debug|Win32 = Debug|Win32
		Release|Win32 = Release|Win32
	EndGlobalSection
	GlobalSection(ProjectConfigurationPlatforms) = postSolution
		{0D94E9ED-405B-4AC4-BC5C-A7BD24356630}.Debug|Win32.ActiveCfg = Debug|Win32
		{0D94E9ED-405B-4AC4-BC5C-A7BD24356630}.Debug|Win32.Build.0 = Debug|Win32
		{0D94E9ED-405B-4AC4-BC5C-A7BD24356630}.Release|Win32.ActiveCfg = Release|Win32
		{0D94E9ED-405B-4AC4-BC5C-A7BD24356630}.Release|Win32.Build.0 = Release|Win32
	EndGlobalSection
	GlobalSection(SolutionProperties) = preSolution
		HideSolutionNode = FALSE
	EndGlobalSection
EndGlobal
